
Microsoft Visual Studio Solution File, Format Version 12.00
# Visual Studio 15
VisualStudioVersion = 15.0.27703.2042
MinimumVisualStudioVersion = 10.0.40219.1
Project("{FAE04EC0-301F-11D3-BF4B-00C04F79EFBC}") = "ActionAttribute", "ActionAttribute\ActionAttribute.csproj", "{3C9F55F4-41D1-4CE3-84EA-3B0F50F57756}"
EndProject
Global
	GlobalSection(SolutionConfigurationPlatforms) = preSolution
		Debug|Any CPU = Debug|Any CPU
		Release|Any CPU = Release|Any CPU
	EndGlobalSection
	GlobalSection(ProjectConfigurationPlatforms) = postSolution
		{3C9F55F4-41D1-4CE3-84EA-3B0F50F57756}.Debug|Any CPU.ActiveCfg = Debug|Any CPU
		{3C9F55F4-41D1-4CE3-84EA-3B0F50F57756}.Debug|Any CPU.Build.0 = Debug|Any CPU
		{3C9F55F4-41D1-4CE3-84EA-3B0F50F57756}.Release|Any CPU.ActiveCfg = Release|Any CPU
		{3C9F55F4-41D1-4CE3-84EA-3B0F50F57756}.Release|Any CPU.Build.0 = Release|Any CPU
	EndGlobalSection
	GlobalSection(SolutionProperties) = preSolution
		HideSolutionNode = FALSE
	EndGlobalSection
	GlobalSection(ExtensibilityGlobals) = postSolution
		SolutionGuid = {8BA965CB-0791-4D25-8FC9-CCB94FBAEF23}
	EndGlobalSection
EndGlobal
